
Microsoft Visual Studio Solution File, Format Version 12.00
# Visual Studio 15
VisualStudioVersion = 15.0.28307.1145
MinimumVisualStudioVersion = 10.0.40219.1
Project("{FAE04EC0-301F-11D3-BF4B-00C04F79EFBC}") = "CycloneStudio", "CycloneStudio\CycloneStudio.csproj", "{589284A3-8F44-417F-B5D2-DB1B7507B491}"
EndProject
Global
	GlobalSection(SolutionConfigurationPlatforms) = preSolution
		Debug|Any CPU = Debug|Any CPU
		Release|Any CPU = Release|Any CPU
	EndGlobalSection
	GlobalSection(ProjectConfigurationPlatforms) = postSolution
		{589284A3-8F44-417F-B5D2-DB1B7507B491}.Debug|Any CPU.ActiveCfg = Debug|Any CPU
		{589284A3-8F44-417F-B5D2-DB1B7507B491}.Debug|Any CPU.Build.0 = Debug|Any CPU
		{589284A3-8F44-417F-B5D2-DB1B7507B491}.Release|Any CPU.ActiveCfg = Release|Any CPU
		{589284A3-8F44-417F-B5D2-DB1B7507B491}.Release|Any CPU.Build.0 = Release|Any CPU
	EndGlobalSection
	GlobalSection(SolutionProperties) = preSolution
		HideSolutionNode = FALSE
	EndGlobalSection
	GlobalSection(ExtensibilityGlobals) = postSolution
		SolutionGuid = {DF69DC66-F2D3-485B-8C15-3DAAFB74E96C}
	EndGlobalSection
EndGlobal
